<?xml version="1.0" encoding="utf-8"?>
<Project ToolsVersion="4.0" xmlns="http://schemas.microsoft.com/developer/msbuild/2003">
  <ItemGroup>
    <ClCompile Include="Vec3UnitTest.cpp" />
    <ClCompile Include="Vec2UnitTest.cpp" />
    <ClCompile Include="Mat3UnitTest.cpp" />
  </ItemGroup>
</Project>